
Microsoft Visual Studio Solution File, Format Version 12.00
# Visual Studio Version 17
VisualStudioVersion = 17.2.32602.215
MinimumVisualStudioVersion = 10.0.40219.1
Project("{FAE04EC0-301F-11D3-BF4B-00C04F79EFBC}") = "RevitWPF", "RevitWPF\RevitWPF.csproj", "{EFA62C4B-0805-4277-8BBE-6926B665C143}"
EndProject
Global
	GlobalSection(SolutionConfigurationPlatforms) = preSolution
		Debug|Any CPU = Debug|Any CPU
		Release|Any CPU = Release|Any CPU
	EndGlobalSection
	GlobalSection(ProjectConfigurationPlatforms) = postSolution
		{EFA62C4B-0805-4277-8BBE-6926B665C143}.Debug|Any CPU.ActiveCfg = Debug|Any CPU
		{EFA62C4B-0805-4277-8BBE-6926B665C143}.Debug|Any CPU.Build.0 = Debug|Any CPU
		{EFA62C4B-0805-4277-8BBE-6926B665C143}.Release|Any CPU.ActiveCfg = Release|Any CPU
		{EFA62C4B-0805-4277-8BBE-6926B665C143}.Release|Any CPU.Build.0 = Release|Any CPU
	EndGlobalSection
	GlobalSection(SolutionProperties) = preSolution
		HideSolutionNode = FALSE
	EndGlobalSection
	GlobalSection(ExtensibilityGlobals) = postSolution
		SolutionGuid = {E0E9E896-C054-4B72-B6BF-92BD307DE193}
	EndGlobalSection
EndGlobal
